
Microsoft Visual Studio Solution File, Format Version 12.00
# Visual Studio Version 17
VisualStudioVersion = 17.5.002.0
MinimumVisualStudioVersion = 10.0.40219.1
Project("{9A19103F-16F7-4668-BE54-9A1E7A4F7556}") = "Task00", "Task00.csproj", "{7C5C03E6-054C-4B04-A2E7-377BD256029F}"
EndProject
Global
	GlobalSection(SolutionConfigurationPlatforms) = preSolution
		Debug|Any CPU = Debug|Any CPU
		Release|Any CPU = Release|Any CPU
	EndGlobalSection
	GlobalSection(ProjectConfigurationPlatforms) = postSolution
		{7C5C03E6-054C-4B04-A2E7-377BD256029F}.Debug|Any CPU.ActiveCfg = Debug|Any CPU
		{7C5C03E6-054C-4B04-A2E7-377BD256029F}.Debug|Any CPU.Build.0 = Debug|Any CPU
		{7C5C03E6-054C-4B04-A2E7-377BD256029F}.Release|Any CPU.ActiveCfg = Release|Any CPU
		{7C5C03E6-054C-4B04-A2E7-377BD256029F}.Release|Any CPU.Build.0 = Release|Any CPU
	EndGlobalSection
	GlobalSection(SolutionProperties) = preSolution
		HideSolutionNode = FALSE
	EndGlobalSection
	GlobalSection(ExtensibilityGlobals) = postSolution
		SolutionGuid = {2856B2D6-C53C-45B0-8A0A-C0F79875076D}
	EndGlobalSection
EndGlobal
